
Microsoft Visual Studio Solution File, Format Version 12.00
# Visual Studio Version 17
VisualStudioVersion = 17.14.36511.14 d17.14
MinimumVisualStudioVersion = 10.0.40219.1
Project("{FAE04EC0-301F-11D3-BF4B-00C04F79EFBC}") = "WinFormsApp1", "WinFormsApp1\WinFormsApp1.csproj", "{DA45031F-CE2C-4274-A3E1-FA8A51CA5819}"
EndProject
Global
	GlobalSection(SolutionConfigurationPlatforms) = preSolution
		Debug|Any CPU = Debug|Any CPU
		Release|Any CPU = Release|Any CPU
	EndGlobalSection
	GlobalSection(ProjectConfigurationPlatforms) = postSolution
		{DA45031F-CE2C-4274-A3E1-FA8A51CA5819}.Debug|Any CPU.ActiveCfg = Debug|Any CPU
		{DA45031F-CE2C-4274-A3E1-FA8A51CA5819}.Debug|Any CPU.Build.0 = Debug|Any CPU
		{DA45031F-CE2C-4274-A3E1-FA8A51CA5819}.Release|Any CPU.ActiveCfg = Release|Any CPU
		{DA45031F-CE2C-4274-A3E1-FA8A51CA5819}.Release|Any CPU.Build.0 = Release|Any CPU
	EndGlobalSection
	GlobalSection(SolutionProperties) = preSolution
		HideSolutionNode = FALSE
	EndGlobalSection
	GlobalSection(ExtensibilityGlobals) = postSolution
		SolutionGuid = {7BD9F8BF-B378-4019-A77B-7D88152C350F}
	EndGlobalSection
EndGlobal
